
Microsoft Visual Studio Solution File, Format Version 12.00
# Visual Studio 15
VisualStudioVersion = 15.0.28307.168
MinimumVisualStudioVersion = 10.0.40219.1
Project("{FAE04EC0-301F-11D3-BF4B-00C04F79EFBC}") = "WebApiIntegracao", "WebApiIntegracao\WebApiIntegracao.csproj", "{50D7BCDC-FB12-476C-B4BE-0FF1499BA267}"
EndProject
Project("{FAE04EC0-301F-11D3-BF4B-00C04F79EFBC}") = "Rules", "Base\Regras\Rules.csproj", "{48EC9CF5-CBB0-47C7-BFC9-CEB9A9FE7060}"
EndProject
Global
	GlobalSection(SolutionConfigurationPlatforms) = preSolution
		Debug|Any CPU = Debug|Any CPU
		Release|Any CPU = Release|Any CPU
	EndGlobalSection
	GlobalSection(ProjectConfigurationPlatforms) = postSolution
		{50D7BCDC-FB12-476C-B4BE-0FF1499BA267}.Debug|Any CPU.ActiveCfg = Debug|Any CPU
		{50D7BCDC-FB12-476C-B4BE-0FF1499BA267}.Debug|Any CPU.Build.0 = Debug|Any CPU
		{50D7BCDC-FB12-476C-B4BE-0FF1499BA267}.Release|Any CPU.ActiveCfg = Release|Any CPU
		{50D7BCDC-FB12-476C-B4BE-0FF1499BA267}.Release|Any CPU.Build.0 = Release|Any CPU
		{48EC9CF5-CBB0-47C7-BFC9-CEB9A9FE7060}.Debug|Any CPU.ActiveCfg = Debug|Any CPU
		{48EC9CF5-CBB0-47C7-BFC9-CEB9A9FE7060}.Debug|Any CPU.Build.0 = Debug|Any CPU
		{48EC9CF5-CBB0-47C7-BFC9-CEB9A9FE7060}.Release|Any CPU.ActiveCfg = Release|Any CPU
		{48EC9CF5-CBB0-47C7-BFC9-CEB9A9FE7060}.Release|Any CPU.Build.0 = Release|Any CPU
	EndGlobalSection
	GlobalSection(SolutionProperties) = preSolution
		HideSolutionNode = FALSE
	EndGlobalSection
	GlobalSection(ExtensibilityGlobals) = postSolution
		SolutionGuid = {B201ACC7-89D4-46BB-9045-6930FAFBF1D7}
	EndGlobalSection
EndGlobal
